
Microsoft Visual Studio Solution File, Format Version 12.00
# Visual Studio Version 17
VisualStudioVersion = 17.2.32526.322
MinimumVisualStudioVersion = 10.0.40219.1
Project("{FAE04EC0-301F-11D3-BF4B-00C04F79EFBC}") = "personality-test-api", "personality-test-api\personality-test-api.csproj", "{77663F13-3C22-4194-8864-E5F5C67C37F9}"
EndProject
Global
	GlobalSection(SolutionConfigurationPlatforms) = preSolution
		Debug|Any CPU = Debug|Any CPU
		Release|Any CPU = Release|Any CPU
	EndGlobalSection
	GlobalSection(ProjectConfigurationPlatforms) = postSolution
		{77663F13-3C22-4194-8864-E5F5C67C37F9}.Debug|Any CPU.ActiveCfg = Debug|Any CPU
		{77663F13-3C22-4194-8864-E5F5C67C37F9}.Debug|Any CPU.Build.0 = Debug|Any CPU
		{77663F13-3C22-4194-8864-E5F5C67C37F9}.Release|Any CPU.ActiveCfg = Release|Any CPU
		{77663F13-3C22-4194-8864-E5F5C67C37F9}.Release|Any CPU.Build.0 = Release|Any CPU
	EndGlobalSection
	GlobalSection(SolutionProperties) = preSolution
		HideSolutionNode = FALSE
	EndGlobalSection
	GlobalSection(ExtensibilityGlobals) = postSolution
		SolutionGuid = {D4A79350-D725-4D2A-90CC-889CF2C253B8}
	EndGlobalSection
EndGlobal
